
Microsoft Visual Studio Solution File, Format Version 11.00
# Visual Studio 2010
Project("{8BC9CEB8-8B4A-11D0-8D11-00A0C91BC942}") = "PatternManager", "PatternManager\PatternManager.vcxproj", "{B9CCA944-DBCA-4A3C-87B7-1DC34085E55C}"
EndProject
Global
	GlobalSection(SolutionConfigurationPlatforms) = preSolution
		Debug|Win32 = Debug|Win32
		Release|Win32 = Release|Win32
	EndGlobalSection
	GlobalSection(ProjectConfigurationPlatforms) = postSolution
		{B9CCA944-DBCA-4A3C-87B7-1DC34085E55C}.Debug|Win32.ActiveCfg = Debug|Win32
		{B9CCA944-DBCA-4A3C-87B7-1DC34085E55C}.Debug|Win32.Build.0 = Debug|Win32
		{B9CCA944-DBCA-4A3C-87B7-1DC34085E55C}.Release|Win32.ActiveCfg = Release|Win32
		{B9CCA944-DBCA-4A3C-87B7-1DC34085E55C}.Release|Win32.Build.0 = Release|Win32
	EndGlobalSection
	GlobalSection(SolutionProperties) = preSolution
		HideSolutionNode = FALSE
	EndGlobalSection
EndGlobal
